// !$*UTF8*$!
{
	archiveVersion = 1;
	classes = {
	};
	objectVersion = 50;
	objects = {

/* Begin PBXBuildFile section */
		FD8C825925B6189A00886D8B /* AdheedGP1App.swift in Sources */ = {isa = PBXBuildFile; fileRef = FD8C825825B6189A00886D8B /* AdheedGP1App.swift */; };
		FD8C825B25B6189A00886D8B /* ContentView.swift in Sources */ = {isa = PBXBuildFile; fileRef = FD8C825A25B6189A00886D8B /* ContentView.swift */; };
		FD8C825D25B6189B00886D8B /* Assets.xcassets in Resources */ = {isa = PBXBuildFile; fileRef = FD8C825C25B6189B00886D8B /* Assets.xcassets */; };
		FD8C826025B6189B00886D8B /* Preview Assets.xcassets in Resources */ = {isa = PBXBuildFile; fileRef = FD8C825F25B6189B00886D8B /* Preview Assets.xcassets */; };
		FD8C826B25B6189B00886D8B /* AdheedGP1Tests.swift in Sources */ = {isa = PBXBuildFile; fileRef = FD8C826A25B6189B00886D8B /* AdheedGP1Tests.swift */; };
		FD8C827625B6189B00886D8B /* AdheedGP1UITests.swift in Sources */ = {isa = PBXBuildFile; fileRef = FD8C827525B6189B00886D8B /* AdheedGP1UITests.swift */; };
/* End PBXBuildFile section */

/* Begin PBXContainerItemProxy section */
		FD8C826725B6189B00886D8B /* PBXContainerItemProxy */ = {
			isa = PBXContainerItemProxy;
			containerPortal = FD8C824D25B6189A00886D8B /* Project object */;
			proxyType = 1;
			remoteGlobalIDString = FD8C825425B6189A00886D8B;
			remoteInfo = AdheedGP1;
		};
		FD8C827225B6189B00886D8B /* PBXContainerItemProxy */ = {
			isa = PBXContainerItemProxy;
			containerPortal = FD8C824D25B6189A00886D8B /* Project object */;
			proxyType = 1;
			remoteGlobalIDString = FD8C825425B6189A00886D8B;
			remoteInfo = AdheedGP1;
		};
/* End PBXContainerItemProxy section */

/* Begin PBXFileReference section */
		FD8C825525B6189A00886D8B /* AdheedGP1.app */ = {isa = PBXFileReference; explicitFileType = wrapper.application; includeInIndex = 0; path = AdheedGP1.app; sourceTree = BUILT_PRODUCTS_DIR; };
		FD8C825825B6189A00886D8B /* AdheedGP1App.swift */ = {isa = PBXFileReference; lastKnownFileType = sourcecode.swift; path = AdheedGP1App.swift; sourceTree = "<group>"; };
		FD8C825A25B6189A00886D8B /* ContentView.swift */ = {isa = PBXFileReference; lastKnownFileType = sourcecode.swift; path = ContentView.swift; sourceTree = "<group>"; };
		FD8C825C25B6189B00886D8B /* Assets.xcassets */ = {isa = PBXFileReference; lastKnownFileType = folder.assetcatalog; path = Assets.xcassets; sourceTree = "<group>"; };
		FD8C825F25B6189B00886D8B /* Preview Assets.xcassets */ = {isa = PBXFileReference; lastKnownFileType = folder.assetcatalog; path = "Preview Assets.xcassets"; sourceTree = "<group>"; };
		FD8C826125B6189B00886D8B /* Info.plist */ = {isa = PBXFileReference; lastKnownFileType = text.plist.xml; path = Info.plist; sourceTree = "<group>"; };
		FD8C826625B6189B00886D8B /* AdheedGP1Tests.xctest */ = {isa = PBXFileReference; explicitFileType = wrapper.cfbundle; includeInIndex = 0; path = AdheedGP1Tests.xctest; sourceTree = BUILT_PRODUCTS_DIR; };
		FD8C826A25B6189B00886D8B /* AdheedGP1Tests.swift */ = {isa = PBXFileReference; lastKnownFileType = sourcecode.swift; path = AdheedGP1Tests.swift; sourceTree = "<group>"; };
		FD8C826C25B6189B00886D8B /* Info.plist */ = {isa = PBXFileReference; lastKnownFileType = text.plist.xml; path = Info.plist; sourceTree = "<group>"; };
		FD8C827125B6189B00886D8B /* AdheedGP1UITests.xctest */ = {isa = PBXFileReference; explicitFileType = wrapper.cfbundle; includeInIndex = 0; path = AdheedGP1UITests.xctest; sourceTree = BUILT_PRODUCTS_DIR; };
		FD8C827525B6189B00886D8B /* AdheedGP1UITests.swift */ = {isa = PBXFileReference; lastKnownFileType = sourcecode.swift; path = AdheedGP1UITests.swift; sourceTree = "<group>"; };
		FD8C827725B6189B00886D8B /* Info.plist */ = {isa = PBXFileReference; lastKnownFileType = text.plist.xml; path = Info.plist; sourceTree = "<group>"; };
/* End PBXFileReference section */

/* Begin PBXFrameworksBuildPhase section */
		FD8C825225B6189A00886D8B /* Frameworks */ = {
			isa = PBXFrameworksBuildPhase;
			buildActionMask = 2147483647;
			files = (
			);
			runOnlyForDeploymentPostprocessing = 0;
		};
		FD8C826325B6189B00886D8B /* Frameworks */ = {
			isa = PBXFrameworksBuildPhase;
			buildActionMask = 2147483647;
			files = (
			);
			runOnlyForDeploymentPostprocessing = 0;
		};
		FD8C826E25B6189B00886D8B /* Frameworks */ = {
			isa = PBXFrameworksBuildPhase;
			buildActionMask = 2147483647;
			files = (
			);
			runOnlyForDeploymentPostprocessing = 0;
		};
/* End PBXFrameworksBuildPhase section */

/* Begin PBXGroup section */
		FD8C824C25B6189A00886D8B = {
			isa = PBXGroup;
			children = (
				FD8C825725B6189A00886D8B /* AdheedGP1 */,
				FD8C826925B6189B00886D8B /* AdheedGP1Tests */,
				FD8C827425B6189B00886D8B /* AdheedGP1UITests */,
				FD8C825625B6189A00886D8B /* Products */,
			);
			sourceTree = "<group>";
		};
		FD8C825625B6189A00886D8B /* Products */ = {
			isa = PBXGroup;
			children = (
				FD8C825525B6189A00886D8B /* AdheedGP1.app */,
				FD8C826625B6189B00886D8B /* AdheedGP1Tests.xctest */,
				FD8C827125B6189B00886D8B /* AdheedGP1UITests.xctest */,
			);
			name = Products;
			sourceTree = "<group>";
		};
		FD8C825725B6189A00886D8B /* AdheedGP1 */ = {
			isa = PBXGroup;
			children = (
				FD8C825825B6189A00886D8B /* AdheedGP1App.swift */,
				FD8C825A25B6189A00886D8B /* ContentView.swift */,
				FD8C825C25B6189B00886D8B /* Assets.xcassets */,
				FD8C826125B6189B00886D8B /* Info.plist */,
				FD8C825E25B6189B00886D8B /* Preview Content */,
			);
			path = AdheedGP1;
			sourceTree = "<group>";
		};
		FD8C825E25B6189B00886D8B /* Preview Content */ = {
			isa = PBXGroup;
			children = (
				FD8C825F25B6189B00886D8B /* Preview Assets.xcassets */,
			);
			path = "Preview Content";
			sourceTree = "<group>";
		};
		FD8C826925B6189B00886D8B /* AdheedGP1Tests */ = {
			isa = PBXGroup;
			children = (
				FD8C826A25B6189B00886D8B /* AdheedGP1Tests.swift */,
				FD8C826C25B6189B00886D8B /* Info.plist */,
			);
			path = AdheedGP1Tests;
			sourceTree = "<group>";
		};
		FD8C827425B6189B00886D8B /* AdheedGP1UITests */ = {
			isa = PBXGroup;
			children = (
				FD8C827525B6189B00886D8B /* AdheedGP1UITests.swift */,
				FD8C827725B6189B00886D8B /* Info.plist */,
			);
			path = AdheedGP1UITests;
			sourceTree = "<group>";
		};
/* End PBXGroup section */

/* Begin PBXNativeTarget section */
		FD8C825425B6189A00886D8B /* AdheedGP1 */ = {
			isa = PBXNativeTarget;
			buildConfigurationList = FD8C827A25B6189B00886D8B /* Build configuration list for PBXNativeTarget "AdheedGP1" */;
			buildPhases = (
				FD8C825125B6189A00886D8B /* Sources */,
				FD8C825225B6189A00886D8B /* Frameworks */,
				FD8C825325B6189A00886D8B /* Resources */,
			);
			buildRules = (
			);
			dependencies = (
			);
			name = AdheedGP1;
			productName = AdheedGP1;
			productReference = FD8C825525B6189A00886D8B /* AdheedGP1.app */;
			productType = "com.apple.product-type.application";
		};
		FD8C826525B6189B00886D8B /* AdheedGP1Tests */ = {
			isa = PBXNativeTarget;
			buildConfigurationList = FD8C827D25B6189B00886D8B /* Build configuration list for PBXNativeTarget "AdheedGP1Tests" */;
			buildPhases = (
				FD8C826225B6189B00886D8B /* Sources */,
				FD8C826325B6189B00886D8B /* Frameworks */,
				FD8C826425B6189B00886D8B /* Resources */,
			);
			buildRules = (
			);
			dependencies = (
				FD8C826825B6189B00886D8B /* PBXTargetDependency */,
			);
			name = AdheedGP1Tests;
			productName = AdheedGP1Tests;
			productReference = FD8C826625B6189B00886D8B /* AdheedGP1Tests.xctest */;
			productType = "com.apple.product-type.bundle.unit-test";
		};
		FD8C827025B6189B00886D8B /* AdheedGP1UITests */ = {
			isa = PBXNativeTarget;
			buildConfigurationList = FD8C828025B6189B00886D8B /* Build configuration list for PBXNativeTarget "AdheedGP1UITests" */;
			buildPhases = (
				FD8C826D25B6189B00886D8B /* Sources */,
				FD8C826E25B6189B00886D8B /* Frameworks */,
				FD8C826F25B6189B00886D8B /* Resources */,
			);
			buildRules = (
			);
			dependencies = (
				FD8C827325B6189B00886D8B /* PBXTargetDependency */,
			);
			name = AdheedGP1UITests;
			productName = AdheedGP1UITests;
			productReference = FD8C827125B6189B00886D8B /* AdheedGP1UITests.xctest */;
			productType = "com.apple.product-type.bundle.ui-testing";
		};
/* End PBXNativeTarget section */

/* Begin PBXProject section */
		FD8C824D25B6189A00886D8B /* Project object */ = {
			isa = PBXProject;
			attributes = {
				LastSwiftUpdateCheck = 1230;
				LastUpgradeCheck = 1230;
				TargetAttributes = {
					FD8C825425B6189A00886D8B = {
						CreatedOnToolsVersion = 12.3;
					};
					FD8C826525B6189B00886D8B = {
						CreatedOnToolsVersion = 12.3;
						TestTargetID = FD8C825425B6189A00886D8B;
					};
					FD8C827025B6189B00886D8B = {
						CreatedOnToolsVersion = 12.3;
						TestTargetID = FD8C825425B6189A00886D8B;
					};
				};
			};
			buildConfigurationList = FD8C825025B6189A00886D8B /* Build configuration list for PBXProject "AdheedGP1" */;
			compatibilityVersion = "Xcode 9.3";
			developmentRegion = en;
			hasScannedForEncodings = 0;
			knownRegions = (
				en,
				Base,
			);
			mainGroup = FD8C824C25B6189A00886D8B;
			productRefGroup = FD8C825625B6189A00886D8B /* Products */;
			projectDirPath = "";
			projectRoot = "";
			targets = (
				FD8C825425B6189A00886D8B /* AdheedGP1 */,
				FD8C826525B6189B00886D8B /* AdheedGP1Tests */,
				FD8C827025B6189B00886D8B /* AdheedGP1UITests */,
			);
		};
/* End PBXProject section */

/* Begin PBXResourcesBuildPhase section */
		FD8C825325B6189A00886D8B /* Resources */ = {
			isa = PBXResourcesBuildPhase;
			buildActionMask = 2147483647;
			files = (
				FD8C826025B6189B00886D8B /* Preview Assets.xcassets in Resources */,
				FD8C825D25B6189B00886D8B /* Assets.xcassets in Resources */,
			);
			runOnlyForDeploymentPostprocessing = 0;
		};
		FD8C826425B6189B00886D8B /* Resources */ = {
			isa = PBXResourcesBuildPhase;
			buildActionMask = 2147483647;
			files = (
			);
			runOnlyForDeploymentPostprocessing = 0;
		};
		FD8C826F25B6189B00886D8B /* Resources */ = {
			isa = PBXResourcesBuildPhase;
			buildActionMask = 2147483647;
			files = (
			);
			runOnlyForDeploymentPostprocessing = 0;
		};
/* End PBXResourcesBuildPhase section */

/* Begin PBXSourcesBuildPhase section */
		FD8C825125B6189A00886D8B /* Sources */ = {
			isa = PBXSourcesBuildPhase;
			buildActionMask = 2147483647;
			files = (
				FD8C825B25B6189A00886D8B /* ContentView.swift in Sources */,
				FD8C825925B6189A00886D8B /* AdheedGP1App.swift in Sources */,
			);
			runOnlyForDeploymentPostprocessing = 0;
		};
		FD8C826225B6189B00886D8B /* Sources */ = {
			isa = PBXSourcesBuildPhase;
			buildActionMask = 2147483647;
			files = (
				FD8C826B25B6189B00886D8B /* AdheedGP1Tests.swift in Sources */,
			);
			runOnlyForDeploymentPostprocessing = 0;
		};
		FD8C826D25B6189B00886D8B /* Sources */ = {
			isa = PBXSourcesBuildPhase;
			buildActionMask = 2147483647;
			files = (
				FD8C827625B6189B00886D8B /* AdheedGP1UITests.swift in Sources */,
			);
			runOnlyForDeploymentPostprocessing = 0;
		};
/* End PBXSourcesBuildPhase section */

/* Begin PBXTargetDependency section */
		FD8C826825B6189B00886D8B /* PBXTargetDependency */ = {
			isa = PBXTargetDependency;
			target = FD8C825425B6189A00886D8B /* AdheedGP1 */;
			targetProxy = FD8C826725B6189B00886D8B /* PBXContainerItemProxy */;
		};
		FD8C827325B6189B00886D8B /* PBXTargetDependency */ = {
			isa = PBXTargetDependency;
			target = FD8C825425B6189A00886D8B /* AdheedGP1 */;
			targetProxy = FD8C827225B6189B00886D8B /* PBXContainerItemProxy */;
		};
/* End PBXTargetDependency section */

/* Begin XCBuildConfiguration section */
		FD8C827825B6189B00886D8B /* Debug */ = {
			isa = XCBuildConfiguration;
			buildSettings = {
				ALWAYS_SEARCH_USER_PATHS = NO;
				CLANG_ANALYZER_NONNULL = YES;
				CLANG_ANALYZER_NUMBER_OBJECT_CONVERSION = YES_AGGRESSIVE;
				CLANG_CXX_LANGUAGE_STANDARD = "gnu++14";
				CLANG_CXX_LIBRARY = "libc++";
				CLANG_ENABLE_MODULES = YES;
				CLANG_ENABLE_OBJC_ARC = YES;
				CLANG_ENABLE_OBJC_WEAK = YES;
				CLANG_WARN_BLOCK_CAPTURE_AUTORELEASING = YES;
				CLANG_WARN_BOOL_CONVERSION = YES;
				CLANG_WARN_COMMA = YES;
				CLANG_WARN_CONSTANT_CONVERSION = YES;
				CLANG_WARN_DEPRECATED_OBJC_IMPLEMENTATIONS = YES;
				CLANG_WARN_DIRECT_OBJC_ISA_USAGE = YES_ERROR;
				CLANG_WARN_DOCUMENTATION_COMMENTS = YES;
				CLANG_WARN_EMPTY_BODY = YES;
				CLANG_WARN_ENUM_CONVERSION = YES;
				CLANG_WARN_INFINITE_RECURSION = YES;
				CLANG_WARN_INT_CONVERSION = YES;
				CLANG_WARN_NON_LITERAL_NULL_CONVERSION = YES;
				CLANG_WARN_OBJC_IMPLICIT_RETAIN_SELF = YES;
				CLANG_WARN_OBJC_LITERAL_CONVERSION = YES;
				CLANG_WARN_OBJC_ROOT_CLASS = YES_ERROR;
				CLANG_WARN_QUOTED_INCLUDE_IN_FRAMEWORK_HEADER = YES;
				CLANG_WARN_RANGE_LOOP_ANALYSIS = YES;
				CLANG_WARN_STRICT_PROTOTYPES = YES;
				CLANG_WARN_SUSPICIOUS_MOVE = YES;
				CLANG_WARN_UNGUARDED_AVAILABILITY = YES_AGGRESSIVE;
				CLANG_WARN_UNREACHABLE_CODE = YES;
				CLANG_WARN__DUPLICATE_METHOD_MATCH = YES;
				COPY_PHASE_STRIP = NO;
				DEBUG_INFORMATION_FORMAT = dwarf;
				ENABLE_STRICT_OBJC_MSGSEND = YES;
				ENABLE_TESTABILITY = YES;
				GCC_C_LANGUAGE_STANDARD = gnu11;
				GCC_DYNAMIC_NO_PIC = NO;
				GCC_NO_COMMON_BLOCKS = YES;
				GCC_OPTIMIZATION_LEVEL = 0;
				GCC_PREPROCESSOR_DEFINITIONS = (
					"DEBUG=1",
					"$(inherited)",
				);
				GCC_WARN_64_TO_32_BIT_CONVERSION = YES;
				GCC_WARN_ABOUT_RETURN_TYPE = YES_ERROR;
				GCC_WARN_UNDECLARED_SELECTOR = YES;
				GCC_WARN_UNINITIALIZED_AUTOS = YES_AGGRESSIVE;
				GCC_WARN_UNUSED_FUNCTION = YES;
				GCC_WARN_UNUSED_VARIABLE = YES;
				IPHONEOS_DEPLOYMENT_TARGET = 14.3;
				MTL_ENABLE_DEBUG_INFO = INCLUDE_SOURCE;
				MTL_FAST_MATH = YES;
				ONLY_ACTIVE_ARCH = YES;
				SDKROOT = iphoneos;
				SWIFT_ACTIVE_COMPILATION_CONDITIONS = DEBUG;
				SWIFT_OPTIMIZATION_LEVEL = "-Onone";
			};
			name = Debug;
		};
		FD8C827925B6189B00886D8B /* Release */ = {
			isa = XCBuildConfiguration;
			buildSettings = {
				ALWAYS_SEARCH_USER_PATHS = NO;
				CLANG_ANALYZER_NONNULL = YES;
				CLANG_ANALYZER_NUMBER_OBJECT_CONVERSION = YES_AGGRESSIVE;
				CLANG_CXX_LANGUAGE_STANDARD = "gnu++14";
				CLANG_CXX_LIBRARY = "libc++";
				CLANG_ENABLE_MODULES = YES;
				CLANG_ENABLE_OBJC_ARC = YES;
				CLANG_ENABLE_OBJC_WEAK = YES;
				CLANG_WARN_BLOCK_CAPTURE_AUTORELEASING = YES;
				CLANG_WARN_BOOL_CONVERSION = YES;
				CLANG_WARN_COMMA = YES;
				CLANG_WARN_CONSTANT_CONVERSION = YES;
				CLANG_WARN_DEPRECATED_OBJC_IMPLEMENTATIONS = YES;
				CLANG_WARN_DIRECT_OBJC_ISA_USAGE = YES_ERROR;
				CLANG_WARN_DOCUMENTATION_COMMENTS = YES;
				CLANG_WARN_EMPTY_BODY = YES;
				CLANG_WARN_ENUM_CONVERSION = YES;
				CLANG_WARN_INFINITE_RECURSION = YES;
				CLANG_WARN_INT_CONVERSION = YES;
				CLANG_WARN_NON_LITERAL_NULL_CONVERSION = YES;
				CLANG_WARN_OBJC_IMPLICIT_RETAIN_SELF = YES;
				CLANG_WARN_OBJC_LITERAL_CONVERSION = YES;
				CLANG_WARN_OBJC_ROOT_CLASS = YES_ERROR;
				CLANG_WARN_QUOTED_INCLUDE_IN_FRAMEWORK_HEADER = YES;
				CLANG_WARN_RANGE_LOOP_ANALYSIS = YES;
				CLANG_WARN_STRICT_PROTOTYPES = YES;
				CLANG_WARN_SUSPICIOUS_MOVE = YES;
				CLANG_WARN_UNGUARDED_AVAILABILITY = YES_AGGRESSIVE;
				CLANG_WARN_UNREACHABLE_CODE = YES;
				CLANG_WARN__DUPLICATE_METHOD_MATCH = YES;
				COPY_PHASE_STRIP = NO;
				DEBUG_INFORMATION_FORMAT = "dwarf-with-dsym";
				ENABLE_NS_ASSERTIONS = NO;
				ENABLE_STRICT_OBJC_MSGSEND = YES;
				GCC_C_LANGUAGE_STANDARD = gnu11;
				GCC_NO_COMMON_BLOCKS = YES;
				GCC_WARN_64_TO_32_BIT_CONVERSION = YES;
				GCC_WARN_ABOUT_RETURN_TYPE = YES_ERROR;
				GCC_WARN_UNDECLARED_SELECTOR = YES;
				GCC_WARN_UNINITIALIZED_AUTOS = YES_AGGRESSIVE;
				GCC_WARN_UNUSED_FUNCTION = YES;
				GCC_WARN_UNUSED_VARIABLE = YES;
				IPHONEOS_DEPLOYMENT_TARGET = 14.3;
				MTL_ENABLE_DEBUG_INFO = NO;
				MTL_FAST_MATH = YES;
				SDKROOT = iphoneos;
				SWIFT_COMPILATION_MODE = wholemodule;
				SWIFT_OPTIMIZATION_LEVEL = "-O";
				VALIDATE_PRODUCT = YES;
			};
			name = Release;
		};
		FD8C827B25B6189B00886D8B /* Debug */ = {
			isa = XCBuildConfiguration;
			buildSettings = {
				ASSETCATALOG_COMPILER_APPICON_NAME = AppIcon;
				ASSETCATALOG_COMPILER_GLOBAL_ACCENT_COLOR_NAME = AccentColor;
				CODE_SIGN_IDENTITY = "Apple Development";
				CODE_SIGN_STYLE = Automatic;
				DEVELOPMENT_ASSET_PATHS = "\"AdheedGP1/Preview Content\"";
				DEVELOPMENT_TEAM = "";
				ENABLE_PREVIEWS = YES;
				INFOPLIST_FILE = AdheedGP1/Info.plist;
				IPHONEOS_DEPLOYMENT_TARGET = 14.0;
				LD_RUNPATH_SEARCH_PATHS = (
					"$(inherited)",
					"@executable_path/Frameworks",
				);
				PRODUCT_BUNDLE_IDENTIFIER = GP.AdheedGP1;
				PRODUCT_NAME = "$(TARGET_NAME)";
				PROVISIONING_PROFILE_SPECIFIER = "";
				SWIFT_VERSION = 5.0;
				TARGETED_DEVICE_FAMILY = "1,2";
			};
			name = Debug;
		};
		FD8C827C25B6189B00886D8B /* Release */ = {
			isa = XCBuildConfiguration;
			buildSettings = {
				ASSETCATALOG_COMPILER_APPICON_NAME = AppIcon;
				ASSETCATALOG_COMPILER_GLOBAL_ACCENT_COLOR_NAME = AccentColor;
				CODE_SIGN_IDENTITY = "Apple Development";
				CODE_SIGN_STYLE = Automatic;
				DEVELOPMENT_ASSET_PATHS = "\"AdheedGP1/Preview Content\"";
				DEVELOPMENT_TEAM = "";
				ENABLE_PREVIEWS = YES;
				INFOPLIST_FILE = AdheedGP1/Info.plist;
				IPHONEOS_DEPLOYMENT_TARGET = 14.0;
				LD_RUNPATH_SEARCH_PATHS = (
					"$(inherited)",
					"@executable_path/Frameworks",
				);
				PRODUCT_BUNDLE_IDENTIFIER = GP.AdheedGP1;
				PRODUCT_NAME = "$(TARGET_NAME)";
				PROVISIONING_PROFILE_SPECIFIER = "";
				SWIFT_VERSION = 5.0;
				TARGETED_DEVICE_FAMILY = "1,2";
			};
			name = Release;
		};
		FD8C827E25B6189B00886D8B /* Debug */ = {
			isa = XCBuildConfiguration;
			buildSettings = {
				ALWAYS_EMBED_SWIFT_STANDARD_LIBRARIES = YES;
				BUNDLE_LOADER = "$(TEST_HOST)";
				CODE_SIGN_STYLE = Automatic;
				INFOPLIST_FILE = AdheedGP1Tests/Info.plist;
				IPHONEOS_DEPLOYMENT_TARGET = 14.0;
				LD_RUNPATH_SEARCH_PATHS = (
					"$(inherited)",
					"@executable_path/Frameworks",
					"@loader_path/Frameworks",
				);
				PRODUCT_BUNDLE_IDENTIFIER = GP.AdheedGP1Tests;
				PRODUCT_NAME = "$(TARGET_NAME)";
				SWIFT_VERSION = 5.0;
				TARGETED_DEVICE_FAMILY = "1,2";
				TEST_HOST = "$(BUILT_PRODUCTS_DIR)/AdheedGP1.app/AdheedGP1";
			};
			name = Debug;
		};
		FD8C827F25B6189B00886D8B /* Release */ = {
			isa = XCBuildConfiguration;
			buildSettings = {
				ALWAYS_EMBED_SWIFT_STANDARD_LIBRARIES = YES;
				BUNDLE_LOADER = "$(TEST_HOST)";
				CODE_SIGN_STYLE = Automatic;
				INFOPLIST_FILE = AdheedGP1Tests/Info.plist;
				IPHONEOS_DEPLOYMENT_TARGET = 14.0;
				LD_RUNPATH_SEARCH_PATHS = (
					"$(inherited)",
					"@executable_path/Frameworks",
					"@loader_path/Frameworks",
				);
				PRODUCT_BUNDLE_IDENTIFIER = GP.AdheedGP1Tests;
				PRODUCT_NAME = "$(TARGET_NAME)";
				SWIFT_VERSION = 5.0;
				TARGETED_DEVICE_FAMILY = "1,2";
				TEST_HOST = "$(BUILT_PRODUCTS_DIR)/AdheedGP1.app/AdheedGP1";
			};
			name = Release;
		};
		FD8C828125B6189B00886D8B /* Debug */ = {
			isa = XCBuildConfiguration;
			buildSettings = {
				ALWAYS_EMBED_SWIFT_STANDARD_LIBRARIES = YES;
				CODE_SIGN_STYLE = Automatic;
				INFOPLIST_FILE = AdheedGP1UITests/Info.plist;
				LD_RUNPATH_SEARCH_PATHS = (
					"$(inherited)",
					"@executable_path/Frameworks",
					"@loader_path/Frameworks",
				);
				PRODUCT_BUNDLE_IDENTIFIER = GP.AdheedGP1UITests;
				PRODUCT_NAME = "$(TARGET_NAME)";
				SWIFT_VERSION = 5.0;
				TARGETED_DEVICE_FAMILY = "1,2";
				TEST_TARGET_NAME = AdheedGP1;
			};
			name = Debug;
		};
		FD8C828225B6189B00886D8B /* Release */ = {
			isa = XCBuildConfiguration;
			buildSettings = {
				ALWAYS_EMBED_SWIFT_STANDARD_LIBRARIES = YES;
				CODE_SIGN_STYLE = Automatic;
				INFOPLIST_FILE = AdheedGP1UITests/Info.plist;
				LD_RUNPATH_SEARCH_PATHS = (
					"$(inherited)",
					"@executable_path/Frameworks",
					"@loader_path/Frameworks",
				);
				PRODUCT_BUNDLE_IDENTIFIER = GP.AdheedGP1UITests;
				PRODUCT_NAME = "$(TARGET_NAME)";
				SWIFT_VERSION = 5.0;
				TARGETED_DEVICE_FAMILY = "1,2";
				TEST_TARGET_NAME = AdheedGP1;
			};
			name = Release;
		};
/* End XCBuildConfiguration section */

/* Begin XCConfigurationList section */
		FD8C825025B6189A00886D8B /* Build configuration list for PBXProject "AdheedGP1" */ = {
			isa = XCConfigurationList;
			buildConfigurations = (
				FD8C827825B6189B00886D8B /* Debug */,
				FD8C827925B6189B00886D8B /* Release */,
			);
			defaultConfigurationIsVisible = 0;
			defaultConfigurationName = Release;
		};
		FD8C827A25B6189B00886D8B /* Build configuration list for PBXNativeTarget "AdheedGP1" */ = {
			isa = XCConfigurationList;
			buildConfigurations = (
				FD8C827B25B6189B00886D8B /* Debug */,
				FD8C827C25B6189B00886D8B /* Release */,
			);
			defaultConfigurationIsVisible = 0;
			defaultConfigurationName = Release;
		};
		FD8C827D25B6189B00886D8B /* Build configuration list for PBXNativeTarget "AdheedGP1Tests" */ = {
			isa = XCConfigurationList;
			buildConfigurations = (
				FD8C827E25B6189B00886D8B /* Debug */,
				FD8C827F25B6189B00886D8B /* Release */,
			);
			defaultConfigurationIsVisible = 0;
			defaultConfigurationName = Release;
		};
		FD8C828025B6189B00886D8B /* Build configuration list for PBXNativeTarget "AdheedGP1UITests" */ = {
			isa = XCConfigurationList;
			buildConfigurations = (
				FD8C828125B6189B00886D8B /* Debug */,
				FD8C828225B6189B00886D8B /* Release */,
			);
			defaultConfigurationIsVisible = 0;
			defaultConfigurationName = Release;
		};
/* End XCConfigurationList section */
	};
	rootObject = FD8C824D25B6189A00886D8B /* Project object */;
}
